
Microsoft Visual Studio Solution File, Format Version 12.00
Project("{FAE04EC0-301F-11D3-BF4B-00C04F79EFBC}") = "DisplayTheCandyTaken", "DisplayTheCandyTaken\DisplayTheCandyTaken.csproj", "{789F04A7-45B2-4978-A7F9-8DEAB9924BC7}"
EndProject
Global
	GlobalSection(SolutionConfigurationPlatforms) = preSolution
		Debug|Any CPU = Debug|Any CPU
		Release|Any CPU = Release|Any CPU
	EndGlobalSection
	GlobalSection(ProjectConfigurationPlatforms) = postSolution
		{789F04A7-45B2-4978-A7F9-8DEAB9924BC7}.Debug|Any CPU.ActiveCfg = Debug|Any CPU
		{789F04A7-45B2-4978-A7F9-8DEAB9924BC7}.Debug|Any CPU.Build.0 = Debug|Any CPU
		{789F04A7-45B2-4978-A7F9-8DEAB9924BC7}.Release|Any CPU.ActiveCfg = Release|Any CPU
		{789F04A7-45B2-4978-A7F9-8DEAB9924BC7}.Release|Any CPU.Build.0 = Release|Any CPU
	EndGlobalSection
EndGlobal
